
Microsoft Visual Studio Solution File, Format Version 12.00
# Visual Studio Version 16
VisualStudioVersion = 16.0.32126.315
MinimumVisualStudioVersion = 10.0.40219.1
Project("{FAE04EC0-301F-11D3-BF4B-00C04F79EFBC}") = "Peterna", "Peterna\Peterna.csproj", "{FE1EAFD0-1591-4F62-BDAF-30CB3B28B9DA}"
EndProject
Global
	GlobalSection(SolutionConfigurationPlatforms) = preSolution
		Debug|Any CPU = Debug|Any CPU
		Release|Any CPU = Release|Any CPU
	EndGlobalSection
	GlobalSection(ProjectConfigurationPlatforms) = postSolution
		{FE1EAFD0-1591-4F62-BDAF-30CB3B28B9DA}.Debug|Any CPU.ActiveCfg = Debug|Any CPU
		{FE1EAFD0-1591-4F62-BDAF-30CB3B28B9DA}.Debug|Any CPU.Build.0 = Debug|Any CPU
		{FE1EAFD0-1591-4F62-BDAF-30CB3B28B9DA}.Release|Any CPU.ActiveCfg = Release|Any CPU
		{FE1EAFD0-1591-4F62-BDAF-30CB3B28B9DA}.Release|Any CPU.Build.0 = Release|Any CPU
	EndGlobalSection
	GlobalSection(SolutionProperties) = preSolution
		HideSolutionNode = FALSE
	EndGlobalSection
	GlobalSection(ExtensibilityGlobals) = postSolution
		SolutionGuid = {57B85C5E-14F0-4974-8C56-D0658F8CDE7E}
	EndGlobalSection
EndGlobal
